// !$*UTF8*$!
{
	archiveVersion = 1;
	classes = {
	};
	objectVersion = 46;
	objects = {

/* Begin PBXBuildFile section */
		61B53A9A19B064AB009F10C4 /* libovr.a in Frameworks */ = {isa = PBXBuildFile; fileRef = 61B53A9919B064AB009F10C4 /* libovr.a */; };
		61B53AA619B06A8B009F10C4 /* OpenGL.framework in Frameworks */ = {isa = PBXBuildFile; fileRef = 61B53AA519B06A8B009F10C4 /* OpenGL.framework */; };
		ABDACAB51752041900994FF9 /* Cocoa.framework in Frameworks */ = {isa = PBXBuildFile; fileRef = ABDACAB41752041900994FF9 /* Cocoa.framework */; };
		ABDACABF1752041900994FF9 /* InfoPlist.strings in Resources */ = {isa = PBXBuildFile; fileRef = ABDACABD1752041900994FF9 /* InfoPlist.strings */; };
		ABDACAC31752041900994FF9 /* OculusANE.mm in Sources */ = {isa = PBXBuildFile; fileRef = ABDACAC21752041900994FF9 /* OculusANE.mm */; };
		ABDACACB1752041900994FF9 /* SenTestingKit.framework in Frameworks */ = {isa = PBXBuildFile; fileRef = ABDACACA1752041900994FF9 /* SenTestingKit.framework */; };
		ABDACACC1752041900994FF9 /* Cocoa.framework in Frameworks */ = {isa = PBXBuildFile; fileRef = ABDACAB41752041900994FF9 /* Cocoa.framework */; };
		ABDACACF1752041900994FF9 /* OculusANE.framework in Frameworks */ = {isa = PBXBuildFile; fileRef = ABDACAB11752041900994FF9 /* OculusANE.framework */; };
		ABDACAD51752041900994FF9 /* InfoPlist.strings in Resources */ = {isa = PBXBuildFile; fileRef = ABDACAD31752041900994FF9 /* InfoPlist.strings */; };
		ABDACAD81752041900994FF9 /* OculusANETests.m in Sources */ = {isa = PBXBuildFile; fileRef = ABDACAD71752041900994FF9 /* OculusANETests.m */; };
		ABDACAE217520A9900994FF9 /* Adobe AIR.framework in Frameworks */ = {isa = PBXBuildFile; fileRef = ABDACAE117520A9900994FF9 /* Adobe AIR.framework */; };
		ABDACAE6175450E900994FF9 /* CoreGraphics.framework in Frameworks */ = {isa = PBXBuildFile; fileRef = ABDACAE5175450E900994FF9 /* CoreGraphics.framework */; };
		ABDACAE7175450FE00994FF9 /* Foundation.framework in Frameworks */ = {isa = PBXBuildFile; fileRef = ABDACAB91752041900994FF9 /* Foundation.framework */; };
		ABDACAE91754513E00994FF9 /* CoreServices.framework in Frameworks */ = {isa = PBXBuildFile; fileRef = ABDACAE81754513E00994FF9 /* CoreServices.framework */; };
		ABDACAEB1754515F00994FF9 /* IOKit.framework in Frameworks */ = {isa = PBXBuildFile; fileRef = ABDACAEA1754515F00994FF9 /* IOKit.framework */; };
/* End PBXBuildFile section */

/* Begin PBXContainerItemProxy section */
		ABDACACD1752041900994FF9 /* PBXContainerItemProxy */ = {
			isa = PBXContainerItemProxy;
			containerPortal = ABDACAA81752041900994FF9 /* Project object */;
			proxyType = 1;
			remoteGlobalIDString = ABDACAB01752041900994FF9;
			remoteInfo = OculusANE;
		};
/* End PBXContainerItemProxy section */

/* Begin PBXFileReference section */
		61B53A9919B064AB009F10C4 /* libovr.a */ = {isa = PBXFileReference; lastKnownFileType = archive.ar; name = libovr.a; path = ../../oculus_sdk_041/OculusSDK/LibOVR/Lib/Mac/Release/libovr.a; sourceTree = "<group>"; };
		61B53A9B19B064DB009F10C4 /* OVR_Kernel.h */ = {isa = PBXFileReference; lastKnownFileType = sourcecode.c.h; path = OVR_Kernel.h; sourceTree = "<group>"; };
		61B53A9C19B064DB009F10C4 /* OVR_Version.h */ = {isa = PBXFileReference; lastKnownFileType = sourcecode.c.h; path = OVR_Version.h; sourceTree = "<group>"; };
		61B53A9D19B064DB009F10C4 /* OVR.h */ = {isa = PBXFileReference; lastKnownFileType = sourcecode.c.h; path = OVR.h; sourceTree = "<group>"; };
		61B53AA119B06591009F10C4 /* Src */ = {isa = PBXFileReference; lastKnownFileType = folder; path = Src; sourceTree = "<group>"; };
		61B53AA319B065AC009F10C4 /* Src */ = {isa = PBXFileReference; lastKnownFileType = folder; path = Src; sourceTree = "<group>"; };
		61B53AA519B06A8B009F10C4 /* OpenGL.framework */ = {isa = PBXFileReference; lastKnownFileType = wrapper.framework; name = OpenGL.framework; path = System/Library/Frameworks/OpenGL.framework; sourceTree = SDKROOT; };
		ABDACAB11752041900994FF9 /* OculusANE.framework */ = {isa = PBXFileReference; explicitFileType = wrapper.framework; includeInIndex = 0; path = OculusANE.framework; sourceTree = BUILT_PRODUCTS_DIR; };
		ABDACAB41752041900994FF9 /* Cocoa.framework */ = {isa = PBXFileReference; lastKnownFileType = wrapper.framework; name = Cocoa.framework; path = System/Library/Frameworks/Cocoa.framework; sourceTree = SDKROOT; };
		ABDACAB71752041900994FF9 /* AppKit.framework */ = {isa = PBXFileReference; lastKnownFileType = wrapper.framework; name = AppKit.framework; path = System/Library/Frameworks/AppKit.framework; sourceTree = SDKROOT; };
		ABDACAB81752041900994FF9 /* CoreData.framework */ = {isa = PBXFileReference; lastKnownFileType = wrapper.framework; name = CoreData.framework; path = System/Library/Frameworks/CoreData.framework; sourceTree = SDKROOT; };
		ABDACAB91752041900994FF9 /* Foundation.framework */ = {isa = PBXFileReference; lastKnownFileType = wrapper.framework; name = Foundation.framework; path = System/Library/Frameworks/Foundation.framework; sourceTree = SDKROOT; };
		ABDACABC1752041900994FF9 /* OculusANE-Info.plist */ = {isa = PBXFileReference; lastKnownFileType = text.plist.xml; path = "OculusANE-Info.plist"; sourceTree = "<group>"; };
		ABDACABE1752041900994FF9 /* en */ = {isa = PBXFileReference; lastKnownFileType = text.plist.strings; name = en; path = en.lproj/InfoPlist.strings; sourceTree = "<group>"; };
		ABDACAC01752041900994FF9 /* OculusANE-Prefix.pch */ = {isa = PBXFileReference; lastKnownFileType = sourcecode.c.h; path = "OculusANE-Prefix.pch"; sourceTree = "<group>"; };
		ABDACAC21752041900994FF9 /* OculusANE.mm */ = {isa = PBXFileReference; lastKnownFileType = sourcecode.cpp.objcpp; path = OculusANE.mm; sourceTree = "<group>"; };
		ABDACAC91752041900994FF9 /* OculusANETests.octest */ = {isa = PBXFileReference; explicitFileType = wrapper.cfbundle; includeInIndex = 0; path = OculusANETests.octest; sourceTree = BUILT_PRODUCTS_DIR; };
		ABDACACA1752041900994FF9 /* SenTestingKit.framework */ = {isa = PBXFileReference; lastKnownFileType = wrapper.framework; name = SenTestingKit.framework; path = Library/Frameworks/SenTestingKit.framework; sourceTree = DEVELOPER_DIR; };
		ABDACAD21752041900994FF9 /* OculusANETests-Info.plist */ = {isa = PBXFileReference; lastKnownFileType = text.plist.xml; path = "OculusANETests-Info.plist"; sourceTree = "<group>"; };
		ABDACAD41752041900994FF9 /* en */ = {isa = PBXFileReference; lastKnownFileType = text.plist.strings; name = en; path = en.lproj/InfoPlist.strings; sourceTree = "<group>"; };
		ABDACAD61752041900994FF9 /* OculusANETests.h */ = {isa = PBXFileReference; lastKnownFileType = sourcecode.c.h; path = OculusANETests.h; sourceTree = "<group>"; };
		ABDACAD71752041900994FF9 /* OculusANETests.m */ = {isa = PBXFileReference; lastKnownFileType = sourcecode.c.objc; path = OculusANETests.m; sourceTree = "<group>"; };
		ABDACAE117520A9900994FF9 /* Adobe AIR.framework */ = {isa = PBXFileReference; lastKnownFileType = wrapper.framework; name = "Adobe AIR.framework"; path = "/Applications/Adobe Flash Builder 4.7/eclipse/plugins/com.adobe.flash.compiler_4.7.0.349722/AIRSDK/runtimes/air/mac/Adobe AIR.framework"; sourceTree = "<absolute>"; };
		ABDACAE317520E3E00994FF9 /* libovr.a */ = {isa = PBXFileReference; lastKnownFileType = archive.ar; name = libovr.a; path = ../../oculus_sdk/OculusSDK/LibOVR/Lib/MacOS/Release/libovr.a; sourceTree = "<group>"; };
		ABDACAE5175450E900994FF9 /* CoreGraphics.framework */ = {isa = PBXFileReference; lastKnownFileType = wrapper.framework; name = CoreGraphics.framework; path = System/Library/Frameworks/CoreGraphics.framework; sourceTree = SDKROOT; };
		ABDACAE81754513E00994FF9 /* CoreServices.framework */ = {isa = PBXFileReference; lastKnownFileType = wrapper.framework; name = CoreServices.framework; path = System/Library/Frameworks/CoreServices.framework; sourceTree = SDKROOT; };
		ABDACAEA1754515F00994FF9 /* IOKit.framework */ = {isa = PBXFileReference; lastKnownFileType = wrapper.framework; name = IOKit.framework; path = System/Library/Frameworks/IOKit.framework; sourceTree = SDKROOT; };
/* End PBXFileReference section */

/* Begin PBXFrameworksBuildPhase section */
		ABDACAAD1752041900994FF9 /* Frameworks */ = {
			isa = PBXFrameworksBuildPhase;
			buildActionMask = 2147483647;
			files = (
				61B53AA619B06A8B009F10C4 /* OpenGL.framework in Frameworks */,
				61B53A9A19B064AB009F10C4 /* libovr.a in Frameworks */,
				ABDACAEB1754515F00994FF9 /* IOKit.framework in Frameworks */,
				ABDACAE91754513E00994FF9 /* CoreServices.framework in Frameworks */,
				ABDACAE7175450FE00994FF9 /* Foundation.framework in Frameworks */,
				ABDACAE6175450E900994FF9 /* CoreGraphics.framework in Frameworks */,
				ABDACAE217520A9900994FF9 /* Adobe AIR.framework in Frameworks */,
				ABDACAB51752041900994FF9 /* Cocoa.framework in Frameworks */,
			);
			runOnlyForDeploymentPostprocessing = 0;
		};
		ABDACAC51752041900994FF9 /* Frameworks */ = {
			isa = PBXFrameworksBuildPhase;
			buildActionMask = 2147483647;
			files = (
				ABDACACB1752041900994FF9 /* SenTestingKit.framework in Frameworks */,
				ABDACACC1752041900994FF9 /* Cocoa.framework in Frameworks */,
				ABDACACF1752041900994FF9 /* OculusANE.framework in Frameworks */,
			);
			runOnlyForDeploymentPostprocessing = 0;
		};
/* End PBXFrameworksBuildPhase section */

/* Begin PBXGroup section */
		ABDACAA71752041900994FF9 = {
			isa = PBXGroup;
			children = (
				61B53AA319B065AC009F10C4 /* Src */,
				61B53AA119B06591009F10C4 /* Src */,
				61B53A9B19B064DB009F10C4 /* OVR_Kernel.h */,
				61B53A9C19B064DB009F10C4 /* OVR_Version.h */,
				61B53A9D19B064DB009F10C4 /* OVR.h */,
				ABDACAEA1754515F00994FF9 /* IOKit.framework */,
				ABDACAE81754513E00994FF9 /* CoreServices.framework */,
				ABDACAE5175450E900994FF9 /* CoreGraphics.framework */,
				ABDACAE317520E3E00994FF9 /* libovr.a */,
				ABDACABA1752041900994FF9 /* OculusANE */,
				ABDACAD01752041900994FF9 /* OculusANETests */,
				ABDACAB31752041900994FF9 /* Frameworks */,
				ABDACAB21752041900994FF9 /* Products */,
			);
			sourceTree = "<group>";
		};
		ABDACAB21752041900994FF9 /* Products */ = {
			isa = PBXGroup;
			children = (
				ABDACAB11752041900994FF9 /* OculusANE.framework */,
				ABDACAC91752041900994FF9 /* OculusANETests.octest */,
			);
			name = Products;
			sourceTree = "<group>";
		};
		ABDACAB31752041900994FF9 /* Frameworks */ = {
			isa = PBXGroup;
			children = (
				61B53AA519B06A8B009F10C4 /* OpenGL.framework */,
				61B53A9919B064AB009F10C4 /* libovr.a */,
				ABDACAB41752041900994FF9 /* Cocoa.framework */,
				ABDACACA1752041900994FF9 /* SenTestingKit.framework */,
				ABDACAB61752041900994FF9 /* Other Frameworks */,
			);
			name = Frameworks;
			sourceTree = "<group>";
		};
		ABDACAB61752041900994FF9 /* Other Frameworks */ = {
			isa = PBXGroup;
			children = (
				ABDACAE117520A9900994FF9 /* Adobe AIR.framework */,
				ABDACAB71752041900994FF9 /* AppKit.framework */,
				ABDACAB81752041900994FF9 /* CoreData.framework */,
				ABDACAB91752041900994FF9 /* Foundation.framework */,
			);
			name = "Other Frameworks";
			sourceTree = "<group>";
		};
		ABDACABA1752041900994FF9 /* OculusANE */ = {
			isa = PBXGroup;
			children = (
				ABDACAC21752041900994FF9 /* OculusANE.mm */,
				ABDACABB1752041900994FF9 /* Supporting Files */,
			);
			path = OculusANE;
			sourceTree = "<group>";
		};
		ABDACABB1752041900994FF9 /* Supporting Files */ = {
			isa = PBXGroup;
			children = (
				ABDACABC1752041900994FF9 /* OculusANE-Info.plist */,
				ABDACABD1752041900994FF9 /* InfoPlist.strings */,
				ABDACAC01752041900994FF9 /* OculusANE-Prefix.pch */,
			);
			name = "Supporting Files";
			sourceTree = "<group>";
		};
		ABDACAD01752041900994FF9 /* OculusANETests */ = {
			isa = PBXGroup;
			children = (
				ABDACAD61752041900994FF9 /* OculusANETests.h */,
				ABDACAD71752041900994FF9 /* OculusANETests.m */,
				ABDACAD11752041900994FF9 /* Supporting Files */,
			);
			path = OculusANETests;
			sourceTree = "<group>";
		};
		ABDACAD11752041900994FF9 /* Supporting Files */ = {
			isa = PBXGroup;
			children = (
				ABDACAD21752041900994FF9 /* OculusANETests-Info.plist */,
				ABDACAD31752041900994FF9 /* InfoPlist.strings */,
			);
			name = "Supporting Files";
			sourceTree = "<group>";
		};
/* End PBXGroup section */

/* Begin PBXHeadersBuildPhase section */
		ABDACAAE1752041900994FF9 /* Headers */ = {
			isa = PBXHeadersBuildPhase;
			buildActionMask = 2147483647;
			files = (
			);
			runOnlyForDeploymentPostprocessing = 0;
		};
/* End PBXHeadersBuildPhase section */

/* Begin PBXNativeTarget section */
		ABDACAB01752041900994FF9 /* OculusANE */ = {
			isa = PBXNativeTarget;
			buildConfigurationList = ABDACADB1752041900994FF9 /* Build configuration list for PBXNativeTarget "OculusANE" */;
			buildPhases = (
				ABDACAAC1752041900994FF9 /* Sources */,
				ABDACAAD1752041900994FF9 /* Frameworks */,
				ABDACAAE1752041900994FF9 /* Headers */,
				ABDACAAF1752041900994FF9 /* Resources */,
			);
			buildRules = (
			);
			dependencies = (
			);
			name = OculusANE;
			productName = OculusANE;
			productReference = ABDACAB11752041900994FF9 /* OculusANE.framework */;
			productType = "com.apple.product-type.framework";
		};
		ABDACAC81752041900994FF9 /* OculusANETests */ = {
			isa = PBXNativeTarget;
			buildConfigurationList = ABDACADE1752041900994FF9 /* Build configuration list for PBXNativeTarget "OculusANETests" */;
			buildPhases = (
				ABDACAC41752041900994FF9 /* Sources */,
				ABDACAC51752041900994FF9 /* Frameworks */,
				ABDACAC61752041900994FF9 /* Resources */,
				ABDACAC71752041900994FF9 /* ShellScript */,
			);
			buildRules = (
			);
			dependencies = (
				ABDACACE1752041900994FF9 /* PBXTargetDependency */,
			);
			name = OculusANETests;
			productName = OculusANETests;
			productReference = ABDACAC91752041900994FF9 /* OculusANETests.octest */;
			productType = "com.apple.product-type.bundle";
		};
/* End PBXNativeTarget section */

/* Begin PBXProject section */
		ABDACAA81752041900994FF9 /* Project object */ = {
			isa = PBXProject;
			attributes = {
				LastUpgradeCheck = 0460;
				ORGANIZATIONNAME = Numeda;
			};
			buildConfigurationList = ABDACAAB1752041900994FF9 /* Build configuration list for PBXProject "OculusANE" */;
			compatibilityVersion = "Xcode 3.2";
			developmentRegion = English;
			hasScannedForEncodings = 0;
			knownRegions = (
				en,
			);
			mainGroup = ABDACAA71752041900994FF9;
			productRefGroup = ABDACAB21752041900994FF9 /* Products */;
			projectDirPath = "";
			projectRoot = "";
			targets = (
				ABDACAB01752041900994FF9 /* OculusANE */,
				ABDACAC81752041900994FF9 /* OculusANETests */,
			);
		};
/* End PBXProject section */

/* Begin PBXResourcesBuildPhase section */
		ABDACAAF1752041900994FF9 /* Resources */ = {
			isa = PBXResourcesBuildPhase;
			buildActionMask = 2147483647;
			files = (
				ABDACABF1752041900994FF9 /* InfoPlist.strings in Resources */,
			);
			runOnlyForDeploymentPostprocessing = 0;
		};
		ABDACAC61752041900994FF9 /* Resources */ = {
			isa = PBXResourcesBuildPhase;
			buildActionMask = 2147483647;
			files = (
				ABDACAD51752041900994FF9 /* InfoPlist.strings in Resources */,
			);
			runOnlyForDeploymentPostprocessing = 0;
		};
/* End PBXResourcesBuildPhase section */

/* Begin PBXShellScriptBuildPhase section */
		ABDACAC71752041900994FF9 /* ShellScript */ = {
			isa = PBXShellScriptBuildPhase;
			buildActionMask = 2147483647;
			files = (
			);
			inputPaths = (
			);
			outputPaths = (
			);
			runOnlyForDeploymentPostprocessing = 0;
			shellPath = /bin/sh;
			shellScript = "# Run the unit tests in this test bundle.\n\"${SYSTEM_DEVELOPER_DIR}/Tools/RunUnitTests\"\n";
		};
/* End PBXShellScriptBuildPhase section */

/* Begin PBXSourcesBuildPhase section */
		ABDACAAC1752041900994FF9 /* Sources */ = {
			isa = PBXSourcesBuildPhase;
			buildActionMask = 2147483647;
			files = (
				ABDACAC31752041900994FF9 /* OculusANE.mm in Sources */,
			);
			runOnlyForDeploymentPostprocessing = 0;
		};
		ABDACAC41752041900994FF9 /* Sources */ = {
			isa = PBXSourcesBuildPhase;
			buildActionMask = 2147483647;
			files = (
				ABDACAD81752041900994FF9 /* OculusANETests.m in Sources */,
			);
			runOnlyForDeploymentPostprocessing = 0;
		};
/* End PBXSourcesBuildPhase section */

/* Begin PBXTargetDependency section */
		ABDACACE1752041900994FF9 /* PBXTargetDependency */ = {
			isa = PBXTargetDependency;
			target = ABDACAB01752041900994FF9 /* OculusANE */;
			targetProxy = ABDACACD1752041900994FF9 /* PBXContainerItemProxy */;
		};
/* End PBXTargetDependency section */

/* Begin PBXVariantGroup section */
		ABDACABD1752041900994FF9 /* InfoPlist.strings */ = {
			isa = PBXVariantGroup;
			children = (
				ABDACABE1752041900994FF9 /* en */,
			);
			name = InfoPlist.strings;
			sourceTree = "<group>";
		};
		ABDACAD31752041900994FF9 /* InfoPlist.strings */ = {
			isa = PBXVariantGroup;
			children = (
				ABDACAD41752041900994FF9 /* en */,
			);
			name = InfoPlist.strings;
			sourceTree = "<group>";
		};
/* End PBXVariantGroup section */

/* Begin XCBuildConfiguration section */
		ABDACAD91752041900994FF9 /* Debug */ = {
			isa = XCBuildConfiguration;
			buildSettings = {
				ALWAYS_SEARCH_USER_PATHS = YES;
				ARCHS = "$(ARCHS_STANDARD_32_BIT)";
				CLANG_CXX_LANGUAGE_STANDARD = "gnu++0x";
				CLANG_CXX_LIBRARY = "libc++";
				CLANG_ENABLE_OBJC_ARC = NO;
				CLANG_WARN_CONSTANT_CONVERSION = YES;
				CLANG_WARN_EMPTY_BODY = YES;
				CLANG_WARN_ENUM_CONVERSION = YES;
				CLANG_WARN_INT_CONVERSION = YES;
				CLANG_WARN__DUPLICATE_METHOD_MATCH = YES;
				COPY_PHASE_STRIP = NO;
				DEBUG_INFORMATION_FORMAT = dwarf;
				DYLIB_COMPATIBILITY_VERSION = 1;
				DYLIB_CURRENT_VERSION = 1;
				GCC_C_LANGUAGE_STANDARD = gnu99;
				GCC_DYNAMIC_NO_PIC = NO;
				GCC_ENABLE_OBJC_EXCEPTIONS = YES;
				GCC_OPTIMIZATION_LEVEL = 0;
				GCC_PREPROCESSOR_DEFINITIONS = (
					"DEBUG=1",
					"$(inherited)",
				);
				GCC_SYMBOLS_PRIVATE_EXTERN = NO;
				GCC_WARN_64_TO_32_BIT_CONVERSION = YES;
				GCC_WARN_ABOUT_RETURN_TYPE = YES;
				GCC_WARN_UNINITIALIZED_AUTOS = YES;
				GCC_WARN_UNUSED_VARIABLE = YES;
				MACOSX_DEPLOYMENT_TARGET = 10.8;
				ONLY_ACTIVE_ARCH = YES;
				OTHER_LDFLAGS = (
					"-all_load",
					"-ObjC",
				);
				SDKROOT = macosx;
				VALID_ARCHS = i386;
			};
			name = Debug;
		};
		ABDACADA1752041900994FF9 /* Release */ = {
			isa = XCBuildConfiguration;
			buildSettings = {
				ALWAYS_SEARCH_USER_PATHS = YES;
				ARCHS = "$(ARCHS_STANDARD_32_BIT)";
				CLANG_CXX_LANGUAGE_STANDARD = "gnu++0x";
				CLANG_CXX_LIBRARY = "libc++";
				CLANG_ENABLE_OBJC_ARC = NO;
				CLANG_WARN_CONSTANT_CONVERSION = YES;
				CLANG_WARN_EMPTY_BODY = YES;
				CLANG_WARN_ENUM_CONVERSION = YES;
				CLANG_WARN_INT_CONVERSION = YES;
				CLANG_WARN__DUPLICATE_METHOD_MATCH = YES;
				COPY_PHASE_STRIP = YES;
				DEBUG_INFORMATION_FORMAT = "dwarf-with-dsym";
				DYLIB_COMPATIBILITY_VERSION = 1;
				DYLIB_CURRENT_VERSION = 1;
				GCC_C_LANGUAGE_STANDARD = gnu99;
				GCC_ENABLE_OBJC_EXCEPTIONS = YES;
				GCC_OPTIMIZATION_LEVEL = 0;
				GCC_WARN_64_TO_32_BIT_CONVERSION = YES;
				GCC_WARN_ABOUT_RETURN_TYPE = YES;
				GCC_WARN_UNINITIALIZED_AUTOS = YES;
				GCC_WARN_UNUSED_VARIABLE = YES;
				MACOSX_DEPLOYMENT_TARGET = 10.8;
				OTHER_LDFLAGS = (
					"-all_load",
					"-ObjC",
				);
				SDKROOT = macosx;
				VALID_ARCHS = i386;
			};
			name = Release;
		};
		ABDACADC1752041900994FF9 /* Debug */ = {
			isa = XCBuildConfiguration;
			buildSettings = {
				COMBINE_HIDPI_IMAGES = YES;
				DYLIB_COMPATIBILITY_VERSION = 1;
				DYLIB_CURRENT_VERSION = 1;
				FRAMEWORK_SEARCH_PATHS = (
					"$(inherited)",
					"\"$(SYSTEM_APPS_DIR)/Adobe Flash Builder 4.7/eclipse/plugins/com.adobe.flash.compiler_4.7.0.349722/AIRSDK/runtimes/air/mac\"",
				);
				FRAMEWORK_VERSION = A;
				GCC_PRECOMPILE_PREFIX_HEADER = YES;
				GCC_PREFIX_HEADER = "OculusANE/OculusANE-Prefix.pch";
				HEADER_SEARCH_PATHS = (
					../../oculus_sdk_041/OculusSDK/LibOVR/include,
					../../oculus_sdk_041/OculusSDK/LibOVR/Src,
				);
				INFOPLIST_FILE = "OculusANE/OculusANE-Info.plist";
				LIBRARY_SEARCH_PATHS = (
					"$(inherited)",
					"$(SRCROOT)/../../oculus_sdk_041/OculusSDK/LibOVR/Lib/Mac/Release\"",
				);
				ONLY_ACTIVE_ARCH = YES;
				OTHER_CPLUSPLUSFLAGS = (
					"$(OTHER_CFLAGS)",
					"-fno-rtti",
				);
				PRODUCT_NAME = "$(TARGET_NAME)";
				WRAPPER_EXTENSION = framework;
			};
			name = Debug;
		};
		ABDACADD1752041900994FF9 /* Release */ = {
			isa = XCBuildConfiguration;
			buildSettings = {
				COMBINE_HIDPI_IMAGES = YES;
				DYLIB_COMPATIBILITY_VERSION = 1;
				DYLIB_CURRENT_VERSION = 1;
				FRAMEWORK_SEARCH_PATHS = (
					"$(inherited)",
					"\"$(SYSTEM_APPS_DIR)/Adobe Flash Builder 4.7/eclipse/plugins/com.adobe.flash.compiler_4.7.0.349722/AIRSDK/runtimes/air/mac\"",
				);
				FRAMEWORK_VERSION = A;
				GCC_PRECOMPILE_PREFIX_HEADER = YES;
				GCC_PREFIX_HEADER = "OculusANE/OculusANE-Prefix.pch";
				HEADER_SEARCH_PATHS = (
					../../oculus_sdk_041/OculusSDK/LibOVR/include,
					../../oculus_sdk_041/OculusSDK/LibOVR/Src,
				);
				INFOPLIST_FILE = "OculusANE/OculusANE-Info.plist";
				LIBRARY_SEARCH_PATHS = (
					"$(inherited)",
					"$(SRCROOT)/../../oculus_sdk_041/OculusSDK/LibOVR/Lib/Mac/Release\"",
				);
				ONLY_ACTIVE_ARCH = YES;
				OTHER_CPLUSPLUSFLAGS = (
					"$(OTHER_CFLAGS)",
					"-fno-rtti",
				);
				PRODUCT_NAME = "$(TARGET_NAME)";
				WRAPPER_EXTENSION = framework;
			};
			name = Release;
		};
		ABDACADF1752041900994FF9 /* Debug */ = {
			isa = XCBuildConfiguration;
			buildSettings = {
				COMBINE_HIDPI_IMAGES = YES;
				FRAMEWORK_SEARCH_PATHS = "\"$(DEVELOPER_LIBRARY_DIR)/Frameworks\"";
				GCC_PRECOMPILE_PREFIX_HEADER = YES;
				GCC_PREFIX_HEADER = "OculusANE/OculusANE-Prefix.pch";
				INFOPLIST_FILE = "OculusANETests/OculusANETests-Info.plist";
				PRODUCT_NAME = "$(TARGET_NAME)";
				WRAPPER_EXTENSION = octest;
			};
			name = Debug;
		};
		ABDACAE01752041900994FF9 /* Release */ = {
			isa = XCBuildConfiguration;
			buildSettings = {
				COMBINE_HIDPI_IMAGES = YES;
				FRAMEWORK_SEARCH_PATHS = "\"$(DEVELOPER_LIBRARY_DIR)/Frameworks\"";
				GCC_PRECOMPILE_PREFIX_HEADER = YES;
				GCC_PREFIX_HEADER = "OculusANE/OculusANE-Prefix.pch";
				INFOPLIST_FILE = "OculusANETests/OculusANETests-Info.plist";
				PRODUCT_NAME = "$(TARGET_NAME)";
				WRAPPER_EXTENSION = octest;
			};
			name = Release;
		};
/* End XCBuildConfiguration section */

/* Begin XCConfigurationList section */
		ABDACAAB1752041900994FF9 /* Build configuration list for PBXProject "OculusANE" */ = {
			isa = XCConfigurationList;
			buildConfigurations = (
				ABDACAD91752041900994FF9 /* Debug */,
				ABDACADA1752041900994FF9 /* Release */,
			);
			defaultConfigurationIsVisible = 0;
			defaultConfigurationName = Release;
		};
		ABDACADB1752041900994FF9 /* Build configuration list for PBXNativeTarget "OculusANE" */ = {
			isa = XCConfigurationList;
			buildConfigurations = (
				ABDACADC1752041900994FF9 /* Debug */,
				ABDACADD1752041900994FF9 /* Release */,
			);
			defaultConfigurationIsVisible = 0;
			defaultConfigurationName = Release;
		};
		ABDACADE1752041900994FF9 /* Build configuration list for PBXNativeTarget "OculusANETests" */ = {
			isa = XCConfigurationList;
			buildConfigurations = (
				ABDACADF1752041900994FF9 /* Debug */,
				ABDACAE01752041900994FF9 /* Release */,
			);
			defaultConfigurationIsVisible = 0;
			defaultConfigurationName = Release;
		};
/* End XCConfigurationList section */
	};
	rootObject = ABDACAA81752041900994FF9 /* Project object */;
}
